// !$*UTF8*$!
{
	archiveVersion = 1;
	classes = {
	};
	objectVersion = 50;
	objects = {

/* Begin PBXBuildFile section */
		01D8D1F420FECD38000EC18A /* AppDelegate.swift in Sources */ = {isa = PBXBuildFile; fileRef = 01D8D1F320FECD38000EC18A /* AppDelegate.swift */; };
		01D8D1F620FECD38000EC18A /* ViewController.swift in Sources */ = {isa = PBXBuildFile; fileRef = 01D8D1F520FECD38000EC18A /* ViewController.swift */; };
		01D8D1F920FECD38000EC18A /* Main.storyboard in Resources */ = {isa = PBXBuildFile; fileRef = 01D8D1F720FECD38000EC18A /* Main.storyboard */; };
		01D8D1FC20FECD38000EC18A /* ZhiBook.xcdatamodeld in Sources */ = {isa = PBXBuildFile; fileRef = 01D8D1FA20FECD38000EC18A /* ZhiBook.xcdatamodeld */; };
		01D8D1FE20FECD39000EC18A /* Assets.xcassets in Resources */ = {isa = PBXBuildFile; fileRef = 01D8D1FD20FECD39000EC18A /* Assets.xcassets */; };
		01D8D20120FECD39000EC18A /* LaunchScreen.storyboard in Resources */ = {isa = PBXBuildFile; fileRef = 01D8D1FF20FECD39000EC18A /* LaunchScreen.storyboard */; };
		5E2F8A28B062836E3D542560 /* Pods_ZhiBook.framework in Frameworks */ = {isa = PBXBuildFile; fileRef = 7DBB91EF3F35986E109D14AC /* Pods_ZhiBook.framework */; };
/* End PBXBuildFile section */

/* Begin PBXFileReference section */
		01D8D1F020FECD38000EC18A /* ZhiBook.app */ = {isa = PBXFileReference; explicitFileType = wrapper.application; includeInIndex = 0; path = ZhiBook.app; sourceTree = BUILT_PRODUCTS_DIR; };
		01D8D1F320FECD38000EC18A /* AppDelegate.swift */ = {isa = PBXFileReference; lastKnownFileType = sourcecode.swift; path = AppDelegate.swift; sourceTree = "<group>"; };
		01D8D1F520FECD38000EC18A /* ViewController.swift */ = {isa = PBXFileReference; lastKnownFileType = sourcecode.swift; path = ViewController.swift; sourceTree = "<group>"; };
		01D8D1F820FECD38000EC18A /* Base */ = {isa = PBXFileReference; lastKnownFileType = file.storyboard; name = Base; path = Base.lproj/Main.storyboard; sourceTree = "<group>"; };
		01D8D1FB20FECD38000EC18A /* ZhiBook.xcdatamodel */ = {isa = PBXFileReference; lastKnownFileType = wrapper.xcdatamodel; path = ZhiBook.xcdatamodel; sourceTree = "<group>"; };
		01D8D1FD20FECD39000EC18A /* Assets.xcassets */ = {isa = PBXFileReference; lastKnownFileType = folder.assetcatalog; path = Assets.xcassets; sourceTree = "<group>"; };
		01D8D20020FECD39000EC18A /* Base */ = {isa = PBXFileReference; lastKnownFileType = file.storyboard; name = Base; path = Base.lproj/LaunchScreen.storyboard; sourceTree = "<group>"; };
		01D8D20220FECD39000EC18A /* Info.plist */ = {isa = PBXFileReference; lastKnownFileType = text.plist.xml; path = Info.plist; sourceTree = "<group>"; };
		79397833AF297E95E11A32D8 /* Pods-ZhiBook.debug.xcconfig */ = {isa = PBXFileReference; includeInIndex = 1; lastKnownFileType = text.xcconfig; name = "Pods-ZhiBook.debug.xcconfig"; path = "Pods/Target Support Files/Pods-ZhiBook/Pods-ZhiBook.debug.xcconfig"; sourceTree = "<group>"; };
		7DBB91EF3F35986E109D14AC /* Pods_ZhiBook.framework */ = {isa = PBXFileReference; explicitFileType = wrapper.framework; includeInIndex = 0; path = Pods_ZhiBook.framework; sourceTree = BUILT_PRODUCTS_DIR; };
		846964E15676367BCE8F14D4 /* Pods-ZhiBook.release.xcconfig */ = {isa = PBXFileReference; includeInIndex = 1; lastKnownFileType = text.xcconfig; name = "Pods-ZhiBook.release.xcconfig"; path = "Pods/Target Support Files/Pods-ZhiBook/Pods-ZhiBook.release.xcconfig"; sourceTree = "<group>"; };
/* End PBXFileReference section */

/* Begin PBXFrameworksBuildPhase section */
		01D8D1ED20FECD38000EC18A /* Frameworks */ = {
			isa = PBXFrameworksBuildPhase;
			buildActionMask = 2147483647;
			files = (
				5E2F8A28B062836E3D542560 /* Pods_ZhiBook.framework in Frameworks */,
			);
			runOnlyForDeploymentPostprocessing = 0;
		};
/* End PBXFrameworksBuildPhase section */

/* Begin PBXGroup section */
		01D8D1E720FECD38000EC18A = {
			isa = PBXGroup;
			children = (
				01D8D1F220FECD38000EC18A /* ZhiBook */,
				01D8D1F120FECD38000EC18A /* Products */,
				1859A628D54C261772F8A974 /* Pods */,
				80D4E8D684DA4F5367F0072A /* Frameworks */,
			);
			sourceTree = "<group>";
		};
		01D8D1F120FECD38000EC18A /* Products */ = {
			isa = PBXGroup;
			children = (
				01D8D1F020FECD38000EC18A /* ZhiBook.app */,
			);
			name = Products;
			sourceTree = "<group>";
		};
		01D8D1F220FECD38000EC18A /* ZhiBook */ = {
			isa = PBXGroup;
			children = (
				01D8D1F320FECD38000EC18A /* AppDelegate.swift */,
				01D8D1F520FECD38000EC18A /* ViewController.swift */,
				01D8D1F720FECD38000EC18A /* Main.storyboard */,
				01D8D1FD20FECD39000EC18A /* Assets.xcassets */,
				01D8D1FF20FECD39000EC18A /* LaunchScreen.storyboard */,
				01D8D20220FECD39000EC18A /* Info.plist */,
				01D8D1FA20FECD38000EC18A /* ZhiBook.xcdatamodeld */,
			);
			path = ZhiBook;
			sourceTree = "<group>";
		};
		1859A628D54C261772F8A974 /* Pods */ = {
			isa = PBXGroup;
			children = (
				79397833AF297E95E11A32D8 /* Pods-ZhiBook.debug.xcconfig */,
				846964E15676367BCE8F14D4 /* Pods-ZhiBook.release.xcconfig */,
			);
			name = Pods;
			sourceTree = "<group>";
		};
		80D4E8D684DA4F5367F0072A /* Frameworks */ = {
			isa = PBXGroup;
			children = (
				7DBB91EF3F35986E109D14AC /* Pods_ZhiBook.framework */,
			);
			name = Frameworks;
			sourceTree = "<group>";
		};
/* End PBXGroup section */

/* Begin PBXNativeTarget section */
		01D8D1EF20FECD38000EC18A /* ZhiBook */ = {
			isa = PBXNativeTarget;
			buildConfigurationList = 01D8D20520FECD39000EC18A /* Build configuration list for PBXNativeTarget "ZhiBook" */;
			buildPhases = (
				921A98548CBB6DB857C2A507 /* [CP] Check Pods Manifest.lock */,
				01D8D1EC20FECD38000EC18A /* Sources */,
				01D8D1ED20FECD38000EC18A /* Frameworks */,
				01D8D1EE20FECD38000EC18A /* Resources */,
			);
			buildRules = (
			);
			dependencies = (
			);
			name = ZhiBook;
			productName = ZhiBook;
			productReference = 01D8D1F020FECD38000EC18A /* ZhiBook.app */;
			productType = "com.apple.product-type.application";
		};
/* End PBXNativeTarget section */

/* Begin PBXProject section */
		01D8D1E820FECD38000EC18A /* Project object */ = {
			isa = PBXProject;
			attributes = {
				LastSwiftUpdateCheck = 0940;
				LastUpgradeCheck = 0940;
				ORGANIZATIONNAME = "林兴栋";
				TargetAttributes = {
					01D8D1EF20FECD38000EC18A = {
						CreatedOnToolsVersion = 9.4.1;
					};
				};
			};
			buildConfigurationList = 01D8D1EB20FECD38000EC18A /* Build configuration list for PBXProject "ZhiBook" */;
			compatibilityVersion = "Xcode 9.3";
			developmentRegion = en;
			hasScannedForEncodings = 0;
			knownRegions = (
				en,
				Base,
			);
			mainGroup = 01D8D1E720FECD38000EC18A;
			productRefGroup = 01D8D1F120FECD38000EC18A /* Products */;
			projectDirPath = "";
			projectRoot = "";
			targets = (
				01D8D1EF20FECD38000EC18A /* ZhiBook */,
			);
		};
/* End PBXProject section */

/* Begin PBXResourcesBuildPhase section */
		01D8D1EE20FECD38000EC18A /* Resources */ = {
			isa = PBXResourcesBuildPhase;
			buildActionMask = 2147483647;
			files = (
				01D8D20120FECD39000EC18A /* LaunchScreen.storyboard in Resources */,
				01D8D1FE20FECD39000EC18A /* Assets.xcassets in Resources */,
				01D8D1F920FECD38000EC18A /* Main.storyboard in Resources */,
			);
			runOnlyForDeploymentPostprocessing = 0;
		};
/* End PBXResourcesBuildPhase section */

/* Begin PBXShellScriptBuildPhase section */
		921A98548CBB6DB857C2A507 /* [CP] Check Pods Manifest.lock */ = {
			isa = PBXShellScriptBuildPhase;
			buildActionMask = 2147483647;
			files = (
			);
			inputPaths = (
				"${PODS_PODFILE_DIR_PATH}/Podfile.lock",
				"${PODS_ROOT}/Manifest.lock",
			);
			name = "[CP] Check Pods Manifest.lock";
			outputPaths = (
				"$(DERIVED_FILE_DIR)/Pods-ZhiBook-checkManifestLockResult.txt",
			);
			runOnlyForDeploymentPostprocessing = 0;
			shellPath = /bin/sh;
			shellScript = "diff \"${PODS_PODFILE_DIR_PATH}/Podfile.lock\" \"${PODS_ROOT}/Manifest.lock\" > /dev/null\nif [ $? != 0 ] ; then\n    # print error to STDERR\n    echo \"error: The sandbox is not in sync with the Podfile.lock. Run 'pod install' or update your CocoaPods installation.\" >&2\n    exit 1\nfi\n# This output is used by Xcode 'outputs' to avoid re-running this script phase.\necho \"SUCCESS\" > \"${SCRIPT_OUTPUT_FILE_0}\"\n";
			showEnvVarsInLog = 0;
		};
/* End PBXShellScriptBuildPhase section */

/* Begin PBXSourcesBuildPhase section */
		01D8D1EC20FECD38000EC18A /* Sources */ = {
			isa = PBXSourcesBuildPhase;
			buildActionMask = 2147483647;
			files = (
				01D8D1F620FECD38000EC18A /* ViewController.swift in Sources */,
				01D8D1F420FECD38000EC18A /* AppDelegate.swift in Sources */,
				01D8D1FC20FECD38000EC18A /* ZhiBook.xcdatamodeld in Sources */,
			);
			runOnlyForDeploymentPostprocessing = 0;
		};
/* End PBXSourcesBuildPhase section */

/* Begin PBXVariantGroup section */
		01D8D1F720FECD38000EC18A /* Main.storyboard */ = {
			isa = PBXVariantGroup;
			children = (
				01D8D1F820FECD38000EC18A /* Base */,
			);
			name = Main.storyboard;
			sourceTree = "<group>";
		};
		01D8D1FF20FECD39000EC18A /* LaunchScreen.storyboard */ = {
			isa = PBXVariantGroup;
			children = (
				01D8D20020FECD39000EC18A /* Base */,
			);
			name = LaunchScreen.storyboard;
			sourceTree = "<group>";
		};
/* End PBXVariantGroup section */

/* Begin XCBuildConfiguration section */
		01D8D20320FECD39000EC18A /* Debug */ = {
			isa = XCBuildConfiguration;
			buildSettings = {
				ALWAYS_SEARCH_USER_PATHS = NO;
				CLANG_ANALYZER_NONNULL = YES;
				CLANG_ANALYZER_NUMBER_OBJECT_CONVERSION = YES_AGGRESSIVE;
				CLANG_CXX_LANGUAGE_STANDARD = "gnu++14";
				CLANG_CXX_LIBRARY = "libc++";
				CLANG_ENABLE_MODULES = YES;
				CLANG_ENABLE_OBJC_ARC = YES;
				CLANG_ENABLE_OBJC_WEAK = YES;
				CLANG_WARN_BLOCK_CAPTURE_AUTORELEASING = YES;
				CLANG_WARN_BOOL_CONVERSION = YES;
				CLANG_WARN_COMMA = YES;
				CLANG_WARN_CONSTANT_CONVERSION = YES;
				CLANG_WARN_DEPRECATED_OBJC_IMPLEMENTATIONS = YES;
				CLANG_WARN_DIRECT_OBJC_ISA_USAGE = YES_ERROR;
				CLANG_WARN_DOCUMENTATION_COMMENTS = YES;
				CLANG_WARN_EMPTY_BODY = YES;
				CLANG_WARN_ENUM_CONVERSION = YES;
				CLANG_WARN_INFINITE_RECURSION = YES;
				CLANG_WARN_INT_CONVERSION = YES;
				CLANG_WARN_NON_LITERAL_NULL_CONVERSION = YES;
				CLANG_WARN_OBJC_IMPLICIT_RETAIN_SELF = YES;
				CLANG_WARN_OBJC_LITERAL_CONVERSION = YES;
				CLANG_WARN_OBJC_ROOT_CLASS = YES_ERROR;
				CLANG_WARN_RANGE_LOOP_ANALYSIS = YES;
				CLANG_WARN_STRICT_PROTOTYPES = YES;
				CLANG_WARN_SUSPICIOUS_MOVE = YES;
				CLANG_WARN_UNGUARDED_AVAILABILITY = YES_AGGRESSIVE;
				CLANG_WARN_UNREACHABLE_CODE = YES;
				CLANG_WARN__DUPLICATE_METHOD_MATCH = YES;
				CODE_SIGN_IDENTITY = "iPhone Developer";
				COPY_PHASE_STRIP = NO;
				DEBUG_INFORMATION_FORMAT = dwarf;
				ENABLE_STRICT_OBJC_MSGSEND = YES;
				ENABLE_TESTABILITY = YES;
				GCC_C_LANGUAGE_STANDARD = gnu11;
				GCC_DYNAMIC_NO_PIC = NO;
				GCC_NO_COMMON_BLOCKS = YES;
				GCC_OPTIMIZATION_LEVEL = 0;
				GCC_PREPROCESSOR_DEFINITIONS = (
					"DEBUG=1",
					"$(inherited)",
				);
				GCC_WARN_64_TO_32_BIT_CONVERSION = YES;
				GCC_WARN_ABOUT_RETURN_TYPE = YES_ERROR;
				GCC_WARN_UNDECLARED_SELECTOR = YES;
				GCC_WARN_UNINITIALIZED_AUTOS = YES_AGGRESSIVE;
				GCC_WARN_UNUSED_FUNCTION = YES;
				GCC_WARN_UNUSED_VARIABLE = YES;
				IPHONEOS_DEPLOYMENT_TARGET = 11.4;
				MTL_ENABLE_DEBUG_INFO = YES;
				ONLY_ACTIVE_ARCH = YES;
				SDKROOT = iphoneos;
				SWIFT_ACTIVE_COMPILATION_CONDITIONS = DEBUG;
				SWIFT_OPTIMIZATION_LEVEL = "-Onone";
			};
			name = Debug;
		};
		01D8D20420FECD39000EC18A /* Release */ = {
			isa = XCBuildConfiguration;
			buildSettings = {
				ALWAYS_SEARCH_USER_PATHS = NO;
				CLANG_ANALYZER_NONNULL = YES;
				CLANG_ANALYZER_NUMBER_OBJECT_CONVERSION = YES_AGGRESSIVE;
				CLANG_CXX_LANGUAGE_STANDARD = "gnu++14";
				CLANG_CXX_LIBRARY = "libc++";
				CLANG_ENABLE_MODULES = YES;
				CLANG_ENABLE_OBJC_ARC = YES;
				CLANG_ENABLE_OBJC_WEAK = YES;
				CLANG_WARN_BLOCK_CAPTURE_AUTORELEASING = YES;
				CLANG_WARN_BOOL_CONVERSION = YES;
				CLANG_WARN_COMMA = YES;
				CLANG_WARN_CONSTANT_CONVERSION = YES;
				CLANG_WARN_DEPRECATED_OBJC_IMPLEMENTATIONS = YES;
				CLANG_WARN_DIRECT_OBJC_ISA_USAGE = YES_ERROR;
				CLANG_WARN_DOCUMENTATION_COMMENTS = YES;
				CLANG_WARN_EMPTY_BODY = YES;
				CLANG_WARN_ENUM_CONVERSION = YES;
				CLANG_WARN_INFINITE_RECURSION = YES;
				CLANG_WARN_INT_CONVERSION = YES;
				CLANG_WARN_NON_LITERAL_NULL_CONVERSION = YES;
				CLANG_WARN_OBJC_IMPLICIT_RETAIN_SELF = YES;
				CLANG_WARN_OBJC_LITERAL_CONVERSION = YES;
				CLANG_WARN_OBJC_ROOT_CLASS = YES_ERROR;
				CLANG_WARN_RANGE_LOOP_ANALYSIS = YES;
				CLANG_WARN_STRICT_PROTOTYPES = YES;
				CLANG_WARN_SUSPICIOUS_MOVE = YES;
				CLANG_WARN_UNGUARDED_AVAILABILITY = YES_AGGRESSIVE;
				CLANG_WARN_UNREACHABLE_CODE = YES;
				CLANG_WARN__DUPLICATE_METHOD_MATCH = YES;
				CODE_SIGN_IDENTITY = "iPhone Developer";
				COPY_PHASE_STRIP = NO;
				DEBUG_INFORMATION_FORMAT = "dwarf-with-dsym";
				ENABLE_NS_ASSERTIONS = NO;
				ENABLE_STRICT_OBJC_MSGSEND = YES;
				GCC_C_LANGUAGE_STANDARD = gnu11;
				GCC_NO_COMMON_BLOCKS = YES;
				GCC_WARN_64_TO_32_BIT_CONVERSION = YES;
				GCC_WARN_ABOUT_RETURN_TYPE = YES_ERROR;
				GCC_WARN_UNDECLARED_SELECTOR = YES;
				GCC_WARN_UNINITIALIZED_AUTOS = YES_AGGRESSIVE;
				GCC_WARN_UNUSED_FUNCTION = YES;
				GCC_WARN_UNUSED_VARIABLE = YES;
				IPHONEOS_DEPLOYMENT_TARGET = 11.4;
				MTL_ENABLE_DEBUG_INFO = NO;
				SDKROOT = iphoneos;
				SWIFT_COMPILATION_MODE = wholemodule;
				SWIFT_OPTIMIZATION_LEVEL = "-O";
				VALIDATE_PRODUCT = YES;
			};
			name = Release;
		};
		01D8D20620FECD39000EC18A /* Debug */ = {
			isa = XCBuildConfiguration;
			baseConfigurationReference = 79397833AF297E95E11A32D8 /* Pods-ZhiBook.debug.xcconfig */;
			buildSettings = {
				ASSETCATALOG_COMPILER_APPICON_NAME = AppIcon;
				CODE_SIGN_STYLE = Manual;
				DEVELOPMENT_TEAM = B77JV5ARB8;
				INFOPLIST_FILE = ZhiBook/Info.plist;
				IPHONEOS_DEPLOYMENT_TARGET = 8.0;
				LD_RUNPATH_SEARCH_PATHS = (
					"$(inherited)",
					"@executable_path/Frameworks",
				);
				PRODUCT_BUNDLE_IDENTIFIER = com.xingdonglin.ractest.ZhiBook;
				PRODUCT_NAME = "$(TARGET_NAME)";
				PROVISIONING_PROFILE = "d8605b6c-5273-4355-8c5e-b0eef3f1029a";
				PROVISIONING_PROFILE_SPECIFIER = allTest;
				SWIFT_VERSION = 4.0;
				TARGETED_DEVICE_FAMILY = "1,2";
			};
			name = Debug;
		};
		01D8D20720FECD39000EC18A /* Release */ = {
			isa = XCBuildConfiguration;
			baseConfigurationReference = 846964E15676367BCE8F14D4 /* Pods-ZhiBook.release.xcconfig */;
			buildSettings = {
				ASSETCATALOG_COMPILER_APPICON_NAME = AppIcon;
				CODE_SIGN_STYLE = Manual;
				DEVELOPMENT_TEAM = B77JV5ARB8;
				INFOPLIST_FILE = ZhiBook/Info.plist;
				IPHONEOS_DEPLOYMENT_TARGET = 8.0;
				LD_RUNPATH_SEARCH_PATHS = (
					"$(inherited)",
					"@executable_path/Frameworks",
				);
				PRODUCT_BUNDLE_IDENTIFIER = com.xingdonglin.ractest.ZhiBook;
				PRODUCT_NAME = "$(TARGET_NAME)";
				PROVISIONING_PROFILE = "d8605b6c-5273-4355-8c5e-b0eef3f1029a";
				PROVISIONING_PROFILE_SPECIFIER = allTest;
				SWIFT_VERSION = 4.0;
				TARGETED_DEVICE_FAMILY = "1,2";
			};
			name = Release;
		};
/* End XCBuildConfiguration section */

/* Begin XCConfigurationList section */
		01D8D1EB20FECD38000EC18A /* Build configuration list for PBXProject "ZhiBook" */ = {
			isa = XCConfigurationList;
			buildConfigurations = (
				01D8D20320FECD39000EC18A /* Debug */,
				01D8D20420FECD39000EC18A /* Release */,
			);
			defaultConfigurationIsVisible = 0;
			defaultConfigurationName = Release;
		};
		01D8D20520FECD39000EC18A /* Build configuration list for PBXNativeTarget "ZhiBook" */ = {
			isa = XCConfigurationList;
			buildConfigurations = (
				01D8D20620FECD39000EC18A /* Debug */,
				01D8D20720FECD39000EC18A /* Release */,
			);
			defaultConfigurationIsVisible = 0;
			defaultConfigurationName = Release;
		};
/* End XCConfigurationList section */

/* Begin XCVersionGroup section */
		01D8D1FA20FECD38000EC18A /* ZhiBook.xcdatamodeld */ = {
			isa = XCVersionGroup;
			children = (
				01D8D1FB20FECD38000EC18A /* ZhiBook.xcdatamodel */,
			);
			currentVersion = 01D8D1FB20FECD38000EC18A /* ZhiBook.xcdatamodel */;
			path = ZhiBook.xcdatamodeld;
			sourceTree = "<group>";
			versionGroupType = wrapper.xcdatamodel;
		};
/* End XCVersionGroup section */
	};
	rootObject = 01D8D1E820FECD38000EC18A /* Project object */;
}
